
Microsoft Visual Studio Solution File, Format Version 12.00
# Visual Studio Version 16
VisualStudioVersion = 16.0.29411.108
MinimumVisualStudioVersion = 10.0.40219.1
Project("{FAE04EC0-301F-11D3-BF4B-00C04F79EFBC}") = "Exercicio7", "Exercicio7\Exercicio7.csproj", "{55351B61-9BC0-4EDA-BCCE-FA3CF5521CB2}"
EndProject
Global
	GlobalSection(SolutionConfigurationPlatforms) = preSolution
		Debug|Any CPU = Debug|Any CPU
		Release|Any CPU = Release|Any CPU
	EndGlobalSection
	GlobalSection(ProjectConfigurationPlatforms) = postSolution
		{55351B61-9BC0-4EDA-BCCE-FA3CF5521CB2}.Debug|Any CPU.ActiveCfg = Debug|Any CPU
		{55351B61-9BC0-4EDA-BCCE-FA3CF5521CB2}.Debug|Any CPU.Build.0 = Debug|Any CPU
		{55351B61-9BC0-4EDA-BCCE-FA3CF5521CB2}.Release|Any CPU.ActiveCfg = Release|Any CPU
		{55351B61-9BC0-4EDA-BCCE-FA3CF5521CB2}.Release|Any CPU.Build.0 = Release|Any CPU
	EndGlobalSection
	GlobalSection(SolutionProperties) = preSolution
		HideSolutionNode = FALSE
	EndGlobalSection
	GlobalSection(ExtensibilityGlobals) = postSolution
		SolutionGuid = {0E988B75-426C-4B10-A907-769099620EC4}
	EndGlobalSection
EndGlobal
